// !$*UTF8*$!
{
	archiveVersion = 1;
	classes = {
	};
	objectVersion = 45;
	objects = {

/* Begin PBXBuildFile section */
		1029B7C612ECF98B007A640B /* BackGround.png in Resources */ = {isa = PBXBuildFile; fileRef = 1029B7A112ECF98B007A640B /* BackGround.png */; };
		1029B7C712ECF98B007A640B /* BackGround@2x.png in Resources */ = {isa = PBXBuildFile; fileRef = 1029B7A212ECF98B007A640B /* BackGround@2x.png */; };
		1029B7C812ECF98B007A640B /* Default.png in Resources */ = {isa = PBXBuildFile; fileRef = 1029B7A312ECF98B007A640B /* Default.png */; };
		1029B7C912ECF98B007A640B /* Default@2x.png in Resources */ = {isa = PBXBuildFile; fileRef = 1029B7A412ECF98B007A640B /* Default@2x.png */; };
		1029B7CA12ECF98B007A640B /* FavoriteOff.png in Resources */ = {isa = PBXBuildFile; fileRef = 1029B7A512ECF98B007A640B /* FavoriteOff.png */; };
		1029B7CB12ECF98B007A640B /* FavoriteOff@2x.png in Resources */ = {isa = PBXBuildFile; fileRef = 1029B7A612ECF98B007A640B /* FavoriteOff@2x.png */; };
		1029B7CC12ECF98B007A640B /* FavoriteOn.png in Resources */ = {isa = PBXBuildFile; fileRef = 1029B7A712ECF98B007A640B /* FavoriteOn.png */; };
		1029B7CD12ECF98B007A640B /* FavoriteOn@2x.png in Resources */ = {isa = PBXBuildFile; fileRef = 1029B7A812ECF98B007A640B /* FavoriteOn@2x.png */; };
		1029B7CE12ECF98B007A640B /* ICON.png in Resources */ = {isa = PBXBuildFile; fileRef = 1029B7A912ECF98B007A640B /* ICON.png */; };
		1029B7CF12ECF98B007A640B /* ICON_114.png in Resources */ = {isa = PBXBuildFile; fileRef = 1029B7AA12ECF98B007A640B /* ICON_114.png */; };
		1029B7D012ECF98B007A640B /* ICON_72.png in Resources */ = {isa = PBXBuildFile; fileRef = 1029B7AB12ECF98B007A640B /* ICON_72.png */; };
		1029B7D112ECF98B007A640B /* ICON_SMALL.png in Resources */ = {isa = PBXBuildFile; fileRef = 1029B7AC12ECF98B007A640B /* ICON_SMALL.png */; };
		1029B7D212ECF98B007A640B /* ICON_SMALL@2x.png in Resources */ = {isa = PBXBuildFile; fileRef = 1029B7AD12ECF98B007A640B /* ICON_SMALL@2x.png */; };
		1029B7D312ECF98B007A640B /* IconFavorite.png in Resources */ = {isa = PBXBuildFile; fileRef = 1029B7AE12ECF98B007A640B /* IconFavorite.png */; };
		1029B7D412ECF98B007A640B /* IconFavorite@2x.png in Resources */ = {isa = PBXBuildFile; fileRef = 1029B7AF12ECF98B007A640B /* IconFavorite@2x.png */; };
		1029B7D512ECF98B007A640B /* IconList.png in Resources */ = {isa = PBXBuildFile; fileRef = 1029B7B012ECF98B007A640B /* IconList.png */; };
		1029B7D612ECF98B007A640B /* IconList@2x.png in Resources */ = {isa = PBXBuildFile; fileRef = 1029B7B112ECF98B007A640B /* IconList@2x.png */; };
		1029B7D712ECF98B007A640B /* IconLocation.png in Resources */ = {isa = PBXBuildFile; fileRef = 1029B7B212ECF98B007A640B /* IconLocation.png */; };
		1029B7D812ECF98B007A640B /* IconLocation@2x.png in Resources */ = {isa = PBXBuildFile; fileRef = 1029B7B312ECF98B007A640B /* IconLocation@2x.png */; };
		1029B7D912ECF98B007A640B /* IconZoomIn.png in Resources */ = {isa = PBXBuildFile; fileRef = 1029B7B412ECF98B007A640B /* IconZoomIn.png */; };
		1029B7DA12ECF98B007A640B /* IconZoomIn@2x.png in Resources */ = {isa = PBXBuildFile; fileRef = 1029B7B512ECF98B007A640B /* IconZoomIn@2x.png */; };
		1029B7DB12ECF98B007A640B /* IconZoomOut.png in Resources */ = {isa = PBXBuildFile; fileRef = 1029B7B612ECF98B007A640B /* IconZoomOut.png */; };
		1029B7DC12ECF98B007A640B /* IconZoomOut@2x.png in Resources */ = {isa = PBXBuildFile; fileRef = 1029B7B712ECF98B007A640B /* IconZoomOut@2x.png */; };
		1029B7DD12ECF98B007A640B /* pinGreen.png in Resources */ = {isa = PBXBuildFile; fileRef = 1029B7B812ECF98B007A640B /* pinGreen.png */; };
		1029B7DE12ECF98B007A640B /* pinGreen@2x.png in Resources */ = {isa = PBXBuildFile; fileRef = 1029B7B912ECF98B007A640B /* pinGreen@2x.png */; };
		1029B7DF12ECF98B007A640B /* pinOrange.png in Resources */ = {isa = PBXBuildFile; fileRef = 1029B7BA12ECF98B007A640B /* pinOrange.png */; };
		1029B7E012ECF98B007A640B /* pinOrange@2x.png in Resources */ = {isa = PBXBuildFile; fileRef = 1029B7BB12ECF98B007A640B /* pinOrange@2x.png */; };
		1029B7E112ECF98B007A640B /* pinPurple.png in Resources */ = {isa = PBXBuildFile; fileRef = 1029B7BC12ECF98B007A640B /* pinPurple.png */; };
		1029B7E212ECF98B007A640B /* pinPurple@2x.png in Resources */ = {isa = PBXBuildFile; fileRef = 1029B7BD12ECF98B007A640B /* pinPurple@2x.png */; };
		1029B7E312ECF98B007A640B /* pinRed.png in Resources */ = {isa = PBXBuildFile; fileRef = 1029B7BE12ECF98B007A640B /* pinRed.png */; };
		1029B7E412ECF98B007A640B /* pinRed@2x.png in Resources */ = {isa = PBXBuildFile; fileRef = 1029B7BF12ECF98B007A640B /* pinRed@2x.png */; };
		1029B7E512ECF98B007A640B /* pinYellow.png in Resources */ = {isa = PBXBuildFile; fileRef = 1029B7C012ECF98B007A640B /* pinYellow.png */; };
		1029B7E612ECF98B007A640B /* pinYellow@2x.png in Resources */ = {isa = PBXBuildFile; fileRef = 1029B7C112ECF98B007A640B /* pinYellow@2x.png */; };
		1029B7E712ECF98B007A640B /* pinYellowGreen.png in Resources */ = {isa = PBXBuildFile; fileRef = 1029B7C212ECF98B007A640B /* pinYellowGreen.png */; };
		1029B7E812ECF98B007A640B /* pinYellowGreen@2x.png in Resources */ = {isa = PBXBuildFile; fileRef = 1029B7C312ECF98B007A640B /* pinYellowGreen@2x.png */; };
		1029B7E912ECF98B007A640B /* UserHeading.png in Resources */ = {isa = PBXBuildFile; fileRef = 1029B7C412ECF98B007A640B /* UserHeading.png */; };
		1029B7EA12ECF98B007A640B /* UserHeading@2x.png in Resources */ = {isa = PBXBuildFile; fileRef = 1029B7C512ECF98B007A640B /* UserHeading@2x.png */; };
		1029B7FD12ECF9C5007A640B /* ConnectionDelegate.m in Sources */ = {isa = PBXBuildFile; fileRef = 1029B7EE12ECF9C5007A640B /* ConnectionDelegate.m */; };
		1029B7FE12ECF9C5007A640B /* CustomizedTableCell.m in Sources */ = {isa = PBXBuildFile; fileRef = 1029B7F012ECF9C5007A640B /* CustomizedTableCell.m */; };
		1029B80012ECF9C5007A640B /* ParseStation.m in Sources */ = {isa = PBXBuildFile; fileRef = 1029B7F312ECF9C5007A640B /* ParseStation.m */; };
		1029B80112ECF9C5007A640B /* ParseStations.m in Sources */ = {isa = PBXBuildFile; fileRef = 1029B7F512ECF9C5007A640B /* ParseStations.m */; };
		1029B80212ECF9C5007A640B /* PinAnnotationView.m in Sources */ = {isa = PBXBuildFile; fileRef = 1029B7F712ECF9C5007A640B /* PinAnnotationView.m */; };
		1029B80312ECF9C5007A640B /* StationAnnotation.m in Sources */ = {isa = PBXBuildFile; fileRef = 1029B7F912ECF9C5007A640B /* StationAnnotation.m */; };
		1029B82A12ECFAB7007A640B /* main.m in Sources */ = {isa = PBXBuildFile; fileRef = 1029B82912ECFAB7007A640B /* main.m */; };
		1029E83C121B1F2700EB15A1 /* MainWindow_iPhone.xib in Resources */ = {isa = PBXBuildFile; fileRef = 1029E83A121B1F2700EB15A1 /* MainWindow_iPhone.xib */; };
		1029E84A121B1FBD00EB15A1 /* MapKit.framework in Frameworks */ = {isa = PBXBuildFile; fileRef = 1029E849121B1FBD00EB15A1 /* MapKit.framework */; };
		1029E863121B1FCE00EB15A1 /* CoreLocation.framework in Frameworks */ = {isa = PBXBuildFile; fileRef = 1029E862121B1FCE00EB15A1 /* CoreLocation.framework */; };
		1D60589F0D05DD5A006BFB54 /* Foundation.framework in Frameworks */ = {isa = PBXBuildFile; fileRef = 1D30AB110D05D00D00671497 /* Foundation.framework */; };
		1DF5F4E00D08C38300B7A737 /* UIKit.framework in Frameworks */ = {isa = PBXBuildFile; fileRef = 1DF5F4DF0D08C38300B7A737 /* UIKit.framework */; };
		2860E328111B887F00E27156 /* AppDelegate_iPhone.m in Sources */ = {isa = PBXBuildFile; fileRef = 2860E326111B887F00E27156 /* AppDelegate_iPhone.m */; };
		2860E32E111B888700E27156 /* AppDelegate_iPad.m in Sources */ = {isa = PBXBuildFile; fileRef = 2860E32C111B888700E27156 /* AppDelegate_iPad.m */; };
		2860E32F111B888700E27156 /* MainWindow_iPad.xib in Resources */ = {isa = PBXBuildFile; fileRef = 2860E32D111B888700E27156 /* MainWindow_iPad.xib */; };
		288765FD0DF74451002DB57D /* CoreGraphics.framework in Frameworks */ = {isa = PBXBuildFile; fileRef = 288765FC0DF74451002DB57D /* CoreGraphics.framework */; };
/* End PBXBuildFile section */

/* Begin PBXFileReference section */
		1029B7A112ECF98B007A640B /* BackGround.png */ = {isa = PBXFileReference; lastKnownFileType = image.png; name = BackGround.png; path = Shared/PNG/BackGround.png; sourceTree = SOURCE_ROOT; };
		1029B7A212ECF98B007A640B /* BackGround@2x.png */ = {isa = PBXFileReference; lastKnownFileType = image.png; name = "BackGround@2x.png"; path = "Shared/PNG/BackGround@2x.png"; sourceTree = SOURCE_ROOT; };
		1029B7A312ECF98B007A640B /* Default.png */ = {isa = PBXFileReference; lastKnownFileType = image.png; name = Default.png; path = Shared/PNG/Default.png; sourceTree = SOURCE_ROOT; };
		1029B7A412ECF98B007A640B /* Default@2x.png */ = {isa = PBXFileReference; lastKnownFileType = image.png; name = "Default@2x.png"; path = "Shared/PNG/Default@2x.png"; sourceTree = SOURCE_ROOT; };
		1029B7A512ECF98B007A640B /* FavoriteOff.png */ = {isa = PBXFileReference; lastKnownFileType = image.png; name = FavoriteOff.png; path = Shared/PNG/FavoriteOff.png; sourceTree = SOURCE_ROOT; };
		1029B7A612ECF98B007A640B /* FavoriteOff@2x.png */ = {isa = PBXFileReference; lastKnownFileType = image.png; name = "FavoriteOff@2x.png"; path = "Shared/PNG/FavoriteOff@2x.png"; sourceTree = SOURCE_ROOT; };
		1029B7A712ECF98B007A640B /* FavoriteOn.png */ = {isa = PBXFileReference; lastKnownFileType = image.png; name = FavoriteOn.png; path = Shared/PNG/FavoriteOn.png; sourceTree = SOURCE_ROOT; };
		1029B7A812ECF98B007A640B /* FavoriteOn@2x.png */ = {isa = PBXFileReference; lastKnownFileType = image.png; name = "FavoriteOn@2x.png"; path = "Shared/PNG/FavoriteOn@2x.png"; sourceTree = SOURCE_ROOT; };
		1029B7A912ECF98B007A640B /* ICON.png */ = {isa = PBXFileReference; lastKnownFileType = image.png; name = ICON.png; path = Shared/PNG/ICON.png; sourceTree = SOURCE_ROOT; };
		1029B7AA12ECF98B007A640B /* ICON_114.png */ = {isa = PBXFileReference; lastKnownFileType = image.png; name = ICON_114.png; path = Shared/PNG/ICON_114.png; sourceTree = SOURCE_ROOT; };
		1029B7AB12ECF98B007A640B /* ICON_72.png */ = {isa = PBXFileReference; lastKnownFileType = image.png; name = ICON_72.png; path = Shared/PNG/ICON_72.png; sourceTree = SOURCE_ROOT; };
		1029B7AC12ECF98B007A640B /* ICON_SMALL.png */ = {isa = PBXFileReference; lastKnownFileType = image.png; name = ICON_SMALL.png; path = Shared/PNG/ICON_SMALL.png; sourceTree = SOURCE_ROOT; };
		1029B7AD12ECF98B007A640B /* ICON_SMALL@2x.png */ = {isa = PBXFileReference; lastKnownFileType = image.png; name = "ICON_SMALL@2x.png"; path = "Shared/PNG/ICON_SMALL@2x.png"; sourceTree = SOURCE_ROOT; };
		1029B7AE12ECF98B007A640B /* IconFavorite.png */ = {isa = PBXFileReference; lastKnownFileType = image.png; name = IconFavorite.png; path = Shared/PNG/IconFavorite.png; sourceTree = SOURCE_ROOT; };
		1029B7AF12ECF98B007A640B /* IconFavorite@2x.png */ = {isa = PBXFileReference; lastKnownFileType = image.png; name = "IconFavorite@2x.png"; path = "Shared/PNG/IconFavorite@2x.png"; sourceTree = SOURCE_ROOT; };
		1029B7B012ECF98B007A640B /* IconList.png */ = {isa = PBXFileReference; lastKnownFileType = image.png; name = IconList.png; path = Shared/PNG/IconList.png; sourceTree = SOURCE_ROOT; };
		1029B7B112ECF98B007A640B /* IconList@2x.png */ = {isa = PBXFileReference; lastKnownFileType = image.png; name = "IconList@2x.png"; path = "Shared/PNG/IconList@2x.png"; sourceTree = SOURCE_ROOT; };
		1029B7B212ECF98B007A640B /* IconLocation.png */ = {isa = PBXFileReference; lastKnownFileType = image.png; name = IconLocation.png; path = Shared/PNG/IconLocation.png; sourceTree = SOURCE_ROOT; };
		1029B7B312ECF98B007A640B /* IconLocation@2x.png */ = {isa = PBXFileReference; lastKnownFileType = image.png; name = "IconLocation@2x.png"; path = "Shared/PNG/IconLocation@2x.png"; sourceTree = SOURCE_ROOT; };
		1029B7B412ECF98B007A640B /* IconZoomIn.png */ = {isa = PBXFileReference; lastKnownFileType = image.png; name = IconZoomIn.png; path = Shared/PNG/IconZoomIn.png; sourceTree = SOURCE_ROOT; };
		1029B7B512ECF98B007A640B /* IconZoomIn@2x.png */ = {isa = PBXFileReference; lastKnownFileType = image.png; name = "IconZoomIn@2x.png"; path = "Shared/PNG/IconZoomIn@2x.png"; sourceTree = SOURCE_ROOT; };
		1029B7B612ECF98B007A640B /* IconZoomOut.png */ = {isa = PBXFileReference; lastKnownFileType = image.png; name = IconZoomOut.png; path = Shared/PNG/IconZoomOut.png; sourceTree = SOURCE_ROOT; };
		1029B7B712ECF98B007A640B /* IconZoomOut@2x.png */ = {isa = PBXFileReference; lastKnownFileType = image.png; name = "IconZoomOut@2x.png"; path = "Shared/PNG/IconZoomOut@2x.png"; sourceTree = SOURCE_ROOT; };
		1029B7B812ECF98B007A640B /* pinGreen.png */ = {isa = PBXFileReference; lastKnownFileType = image.png; name = pinGreen.png; path = Shared/PNG/pinGreen.png; sourceTree = SOURCE_ROOT; };
		1029B7B912ECF98B007A640B /* pinGreen@2x.png */ = {isa = PBXFileReference; lastKnownFileType = image.png; name = "pinGreen@2x.png"; path = "Shared/PNG/pinGreen@2x.png"; sourceTree = SOURCE_ROOT; };
		1029B7BA12ECF98B007A640B /* pinOrange.png */ = {isa = PBXFileReference; lastKnownFileType = image.png; name = pinOrange.png; path = Shared/PNG/pinOrange.png; sourceTree = SOURCE_ROOT; };
		1029B7BB12ECF98B007A640B /* pinOrange@2x.png */ = {isa = PBXFileReference; lastKnownFileType = image.png; name = "pinOrange@2x.png"; path = "Shared/PNG/pinOrange@2x.png"; sourceTree = SOURCE_ROOT; };
		1029B7BC12ECF98B007A640B /* pinPurple.png */ = {isa = PBXFileReference; lastKnownFileType = image.png; name = pinPurple.png; path = Shared/PNG/pinPurple.png; sourceTree = SOURCE_ROOT; };
		1029B7BD12ECF98B007A640B /* pinPurple@2x.png */ = {isa = PBXFileReference; lastKnownFileType = image.png; name = "pinPurple@2x.png"; path = "Shared/PNG/pinPurple@2x.png"; sourceTree = SOURCE_ROOT; };
		1029B7BE12ECF98B007A640B /* pinRed.png */ = {isa = PBXFileReference; lastKnownFileType = image.png; name = pinRed.png; path = Shared/PNG/pinRed.png; sourceTree = SOURCE_ROOT; };
		1029B7BF12ECF98B007A640B /* pinRed@2x.png */ = {isa = PBXFileReference; lastKnownFileType = image.png; name = "pinRed@2x.png"; path = "Shared/PNG/pinRed@2x.png"; sourceTree = SOURCE_ROOT; };
		1029B7C012ECF98B007A640B /* pinYellow.png */ = {isa = PBXFileReference; lastKnownFileType = image.png; name = pinYellow.png; path = Shared/PNG/pinYellow.png; sourceTree = SOURCE_ROOT; };
		1029B7C112ECF98B007A640B /* pinYellow@2x.png */ = {isa = PBXFileReference; lastKnownFileType = image.png; name = "pinYellow@2x.png"; path = "Shared/PNG/pinYellow@2x.png"; sourceTree = SOURCE_ROOT; };
		1029B7C212ECF98B007A640B /* pinYellowGreen.png */ = {isa = PBXFileReference; lastKnownFileType = image.png; name = pinYellowGreen.png; path = Shared/PNG/pinYellowGreen.png; sourceTree = SOURCE_ROOT; };
		1029B7C312ECF98B007A640B /* pinYellowGreen@2x.png */ = {isa = PBXFileReference; lastKnownFileType = image.png; name = "pinYellowGreen@2x.png"; path = "Shared/PNG/pinYellowGreen@2x.png"; sourceTree = SOURCE_ROOT; };
		1029B7C412ECF98B007A640B /* UserHeading.png */ = {isa = PBXFileReference; lastKnownFileType = image.png; name = UserHeading.png; path = Shared/PNG/UserHeading.png; sourceTree = SOURCE_ROOT; };
		1029B7C512ECF98B007A640B /* UserHeading@2x.png */ = {isa = PBXFileReference; lastKnownFileType = image.png; name = "UserHeading@2x.png"; path = "Shared/PNG/UserHeading@2x.png"; sourceTree = SOURCE_ROOT; };
		1029B7ED12ECF9C5007A640B /* ConnectionDelegate.h */ = {isa = PBXFileReference; fileEncoding = 4; lastKnownFileType = sourcecode.c.h; name = ConnectionDelegate.h; path = Shared/ConnectionDelegate.h; sourceTree = SOURCE_ROOT; };
		1029B7EE12ECF9C5007A640B /* ConnectionDelegate.m */ = {isa = PBXFileReference; fileEncoding = 4; lastKnownFileType = sourcecode.c.objc; name = ConnectionDelegate.m; path = Shared/ConnectionDelegate.m; sourceTree = SOURCE_ROOT; };
		1029B7EF12ECF9C5007A640B /* CustomizedTableCell.h */ = {isa = PBXFileReference; fileEncoding = 4; lastKnownFileType = sourcecode.c.h; name = CustomizedTableCell.h; path = Shared/CustomizedTableCell.h; sourceTree = SOURCE_ROOT; };
		1029B7F012ECF9C5007A640B /* CustomizedTableCell.m */ = {isa = PBXFileReference; fileEncoding = 4; lastKnownFileType = sourcecode.c.objc; name = CustomizedTableCell.m; path = Shared/CustomizedTableCell.m; sourceTree = SOURCE_ROOT; };
		1029B7F212ECF9C5007A640B /* ParseStation.h */ = {isa = PBXFileReference; fileEncoding = 4; lastKnownFileType = sourcecode.c.h; name = ParseStation.h; path = Shared/ParseStation.h; sourceTree = SOURCE_ROOT; };
		1029B7F312ECF9C5007A640B /* ParseStation.m */ = {isa = PBXFileReference; fileEncoding = 4; lastKnownFileType = sourcecode.c.objc; name = ParseStation.m; path = Shared/ParseStation.m; sourceTree = SOURCE_ROOT; };
		1029B7F412ECF9C5007A640B /* ParseStations.h */ = {isa = PBXFileReference; fileEncoding = 4; lastKnownFileType = sourcecode.c.h; name = ParseStations.h; path = Shared/ParseStations.h; sourceTree = SOURCE_ROOT; };
		1029B7F512ECF9C5007A640B /* ParseStations.m */ = {isa = PBXFileReference; fileEncoding = 4; lastKnownFileType = sourcecode.c.objc; name = ParseStations.m; path = Shared/ParseStations.m; sourceTree = SOURCE_ROOT; };
		1029B7F612ECF9C5007A640B /* PinAnnotationView.h */ = {isa = PBXFileReference; fileEncoding = 4; lastKnownFileType = sourcecode.c.h; name = PinAnnotationView.h; path = Shared/PinAnnotationView.h; sourceTree = SOURCE_ROOT; };
		1029B7F712ECF9C5007A640B /* PinAnnotationView.m */ = {isa = PBXFileReference; fileEncoding = 4; lastKnownFileType = sourcecode.c.objc; name = PinAnnotationView.m; path = Shared/PinAnnotationView.m; sourceTree = SOURCE_ROOT; };
		1029B7F812ECF9C5007A640B /* StationAnnotation.h */ = {isa = PBXFileReference; fileEncoding = 4; lastKnownFileType = sourcecode.c.h; name = StationAnnotation.h; path = Shared/StationAnnotation.h; sourceTree = SOURCE_ROOT; };
		1029B7F912ECF9C5007A640B /* StationAnnotation.m */ = {isa = PBXFileReference; fileEncoding = 4; lastKnownFileType = sourcecode.c.objc; name = StationAnnotation.m; path = Shared/StationAnnotation.m; sourceTree = SOURCE_ROOT; };
		1029B7FA12ECF9C5007A640B /* SynthesizeSingleton.h */ = {isa = PBXFileReference; fileEncoding = 4; lastKnownFileType = sourcecode.c.h; name = SynthesizeSingleton.h; path = Shared/SynthesizeSingleton.h; sourceTree = SOURCE_ROOT; };
		1029B80A12ECFA1A007A640B /* Info.plist */ = {isa = PBXFileReference; fileEncoding = 4; lastKnownFileType = text.plist.xml; path = Info.plist; sourceTree = SOURCE_ROOT; };
		1029B81012ECFA40007A640B /* VeloParis_Prefix.pch */ = {isa = PBXFileReference; fileEncoding = 4; lastKnownFileType = sourcecode.c.h; path = VeloParis_Prefix.pch; sourceTree = SOURCE_ROOT; };
		1029B82912ECFAB7007A640B /* main.m */ = {isa = PBXFileReference; fileEncoding = 4; lastKnownFileType = sourcecode.c.objc; path = main.m; sourceTree = SOURCE_ROOT; };
		1029E83B121B1F2700EB15A1 /* English */ = {isa = PBXFileReference; lastKnownFileType = file.xib; name = English; path = English.lproj/MainWindow_iPhone.xib; sourceTree = "<group>"; };
		1029E840121B1F4E00EB15A1 /* zh_HK */ = {isa = PBXFileReference; lastKnownFileType = file.xib; name = zh_HK; path = zh_HK.lproj/MainWindow_iPhone.xib; sourceTree = "<group>"; };
		1029E841121B1F5200EB15A1 /* zh_CN */ = {isa = PBXFileReference; lastKnownFileType = file.xib; name = zh_CN; path = zh_CN.lproj/MainWindow_iPhone.xib; sourceTree = "<group>"; };
		1029E842121B1F5800EB15A1 /* Japanese */ = {isa = PBXFileReference; lastKnownFileType = file.xib; name = Japanese; path = Japanese.lproj/MainWindow_iPhone.xib; sourceTree = "<group>"; };
		1029E843121B1F6200EB15A1 /* German */ = {isa = PBXFileReference; lastKnownFileType = file.xib; name = German; path = German.lproj/MainWindow_iPhone.xib; sourceTree = "<group>"; };
		1029E844121B1F6700EB15A1 /* French */ = {isa = PBXFileReference; lastKnownFileType = file.xib; name = French; path = French.lproj/MainWindow_iPhone.xib; sourceTree = "<group>"; };
		1029E849121B1FBD00EB15A1 /* MapKit.framework */ = {isa = PBXFileReference; lastKnownFileType = wrapper.framework; name = MapKit.framework; path = System/Library/Frameworks/MapKit.framework; sourceTree = SDKROOT; };
		1029E862121B1FCE00EB15A1 /* CoreLocation.framework */ = {isa = PBXFileReference; lastKnownFileType = wrapper.framework; name = CoreLocation.framework; path = System/Library/Frameworks/CoreLocation.framework; sourceTree = SDKROOT; };
		105A3BFB13020631005B5D7C /* SynthesizeSingleton.h */ = {isa = PBXFileReference; fileEncoding = 4; lastKnownFileType = sourcecode.c.h; name = SynthesizeSingleton.h; path = Shared/SynthesizeSingleton.h; sourceTree = SOURCE_ROOT; };
		1D30AB110D05D00D00671497 /* Foundation.framework */ = {isa = PBXFileReference; lastKnownFileType = wrapper.framework; name = Foundation.framework; path = System/Library/Frameworks/Foundation.framework; sourceTree = SDKROOT; };
		1D6058910D05DD3D006BFB54 /* VeloParis.app */ = {isa = PBXFileReference; explicitFileType = wrapper.application; includeInIndex = 0; path = VeloParis.app; sourceTree = BUILT_PRODUCTS_DIR; };
		1DF5F4DF0D08C38300B7A737 /* UIKit.framework */ = {isa = PBXFileReference; lastKnownFileType = wrapper.framework; name = UIKit.framework; path = System/Library/Frameworks/UIKit.framework; sourceTree = SDKROOT; };
		2860E325111B887F00E27156 /* AppDelegate_iPhone.h */ = {isa = PBXFileReference; fileEncoding = 4; lastKnownFileType = sourcecode.c.h; path = AppDelegate_iPhone.h; sourceTree = "<group>"; };
		2860E326111B887F00E27156 /* AppDelegate_iPhone.m */ = {isa = PBXFileReference; fileEncoding = 4; lastKnownFileType = sourcecode.c.objc; path = AppDelegate_iPhone.m; sourceTree = "<group>"; };
		2860E32B111B888700E27156 /* AppDelegate_iPad.h */ = {isa = PBXFileReference; fileEncoding = 4; lastKnownFileType = sourcecode.c.h; path = AppDelegate_iPad.h; sourceTree = "<group>"; };
		2860E32C111B888700E27156 /* AppDelegate_iPad.m */ = {isa = PBXFileReference; fileEncoding = 4; lastKnownFileType = sourcecode.c.objc; path = AppDelegate_iPad.m; sourceTree = "<group>"; };
		2860E32D111B888700E27156 /* MainWindow_iPad.xib */ = {isa = PBXFileReference; lastKnownFileType = file.xib; path = MainWindow_iPad.xib; sourceTree = "<group>"; };
		288765FC0DF74451002DB57D /* CoreGraphics.framework */ = {isa = PBXFileReference; lastKnownFileType = wrapper.framework; name = CoreGraphics.framework; path = System/Library/Frameworks/CoreGraphics.framework; sourceTree = SDKROOT; };
/* End PBXFileReference section */

/* Begin PBXFrameworksBuildPhase section */
		1D60588F0D05DD3D006BFB54 /* Frameworks */ = {
			isa = PBXFrameworksBuildPhase;
			buildActionMask = 2147483647;
			files = (
				1D60589F0D05DD5A006BFB54 /* Foundation.framework in Frameworks */,
				1DF5F4E00D08C38300B7A737 /* UIKit.framework in Frameworks */,
				288765FD0DF74451002DB57D /* CoreGraphics.framework in Frameworks */,
				1029E84A121B1FBD00EB15A1 /* MapKit.framework in Frameworks */,
				1029E863121B1FCE00EB15A1 /* CoreLocation.framework in Frameworks */,
			);
			runOnlyForDeploymentPostprocessing = 0;
		};
/* End PBXFrameworksBuildPhase section */

/* Begin PBXGroup section */
		1029B7A012ECF98B007A640B /* PNG */ = {
			isa = PBXGroup;
			children = (
				1029B7A112ECF98B007A640B /* BackGround.png */,
				1029B7A212ECF98B007A640B /* BackGround@2x.png */,
				1029B7A312ECF98B007A640B /* Default.png */,
				1029B7A412ECF98B007A640B /* Default@2x.png */,
				1029B7A512ECF98B007A640B /* FavoriteOff.png */,
				1029B7A612ECF98B007A640B /* FavoriteOff@2x.png */,
				1029B7A712ECF98B007A640B /* FavoriteOn.png */,
				1029B7A812ECF98B007A640B /* FavoriteOn@2x.png */,
				1029B7A912ECF98B007A640B /* ICON.png */,
				1029B7AA12ECF98B007A640B /* ICON_114.png */,
				1029B7AB12ECF98B007A640B /* ICON_72.png */,
				1029B7AC12ECF98B007A640B /* ICON_SMALL.png */,
				1029B7AD12ECF98B007A640B /* ICON_SMALL@2x.png */,
				1029B7AE12ECF98B007A640B /* IconFavorite.png */,
				1029B7AF12ECF98B007A640B /* IconFavorite@2x.png */,
				1029B7B012ECF98B007A640B /* IconList.png */,
				1029B7B112ECF98B007A640B /* IconList@2x.png */,
				1029B7B212ECF98B007A640B /* IconLocation.png */,
				1029B7B312ECF98B007A640B /* IconLocation@2x.png */,
				1029B7B412ECF98B007A640B /* IconZoomIn.png */,
				1029B7B512ECF98B007A640B /* IconZoomIn@2x.png */,
				1029B7B612ECF98B007A640B /* IconZoomOut.png */,
				1029B7B712ECF98B007A640B /* IconZoomOut@2x.png */,
				1029B7B812ECF98B007A640B /* pinGreen.png */,
				1029B7B912ECF98B007A640B /* pinGreen@2x.png */,
				1029B7BA12ECF98B007A640B /* pinOrange.png */,
				1029B7BB12ECF98B007A640B /* pinOrange@2x.png */,
				1029B7BC12ECF98B007A640B /* pinPurple.png */,
				1029B7BD12ECF98B007A640B /* pinPurple@2x.png */,
				1029B7BE12ECF98B007A640B /* pinRed.png */,
				1029B7BF12ECF98B007A640B /* pinRed@2x.png */,
				1029B7C012ECF98B007A640B /* pinYellow.png */,
				1029B7C112ECF98B007A640B /* pinYellow@2x.png */,
				1029B7C212ECF98B007A640B /* pinYellowGreen.png */,
				1029B7C312ECF98B007A640B /* pinYellowGreen@2x.png */,
				1029B7C412ECF98B007A640B /* UserHeading.png */,
				1029B7C512ECF98B007A640B /* UserHeading@2x.png */,
			);
			name = PNG;
			path = Shared/PNG;
			sourceTree = SOURCE_ROOT;
		};
		19C28FACFE9D520D11CA2CBB /* Products */ = {
			isa = PBXGroup;
			children = (
				1D6058910D05DD3D006BFB54 /* VeloParis.app */,
			);
			name = Products;
			sourceTree = "<group>";
		};
		2860E324111B887F00E27156 /* iPhone */ = {
			isa = PBXGroup;
			children = (
				2860E325111B887F00E27156 /* AppDelegate_iPhone.h */,
				2860E326111B887F00E27156 /* AppDelegate_iPhone.m */,
				1029E83A121B1F2700EB15A1 /* MainWindow_iPhone.xib */,
			);
			path = iPhone;
			sourceTree = "<group>";
		};
		2860E32A111B888700E27156 /* iPad */ = {
			isa = PBXGroup;
			children = (
				2860E32B111B888700E27156 /* AppDelegate_iPad.h */,
				2860E32C111B888700E27156 /* AppDelegate_iPad.m */,
				2860E32D111B888700E27156 /* MainWindow_iPad.xib */,
			);
			path = iPad;
			sourceTree = "<group>";
		};
		28EEBF621118D79A00187D67 /* Shared */ = {
			isa = PBXGroup;
			children = (
				105A3BFB13020631005B5D7C /* SynthesizeSingleton.h */,
				1029B7ED12ECF9C5007A640B /* ConnectionDelegate.h */,
				1029B7EE12ECF9C5007A640B /* ConnectionDelegate.m */,
				1029B7EF12ECF9C5007A640B /* CustomizedTableCell.h */,
				1029B7F012ECF9C5007A640B /* CustomizedTableCell.m */,
				1029B7F212ECF9C5007A640B /* ParseStation.h */,
				1029B7F312ECF9C5007A640B /* ParseStation.m */,
				1029B7F412ECF9C5007A640B /* ParseStations.h */,
				1029B7F512ECF9C5007A640B /* ParseStations.m */,
				1029B7F612ECF9C5007A640B /* PinAnnotationView.h */,
				1029B7F712ECF9C5007A640B /* PinAnnotationView.m */,
				1029B7F812ECF9C5007A640B /* StationAnnotation.h */,
				1029B7F912ECF9C5007A640B /* StationAnnotation.m */,
				1029B7FA12ECF9C5007A640B /* SynthesizeSingleton.h */,
				1029B7A012ECF98B007A640B /* PNG */,
			);
			name = Shared;
			sourceTree = "<group>";
		};
		29B97314FDCFA39411CA2CEA /* CustomTemplate */ = {
			isa = PBXGroup;
			children = (
				2860E32A111B888700E27156 /* iPad */,
				2860E324111B887F00E27156 /* iPhone */,
				28EEBF621118D79A00187D67 /* Shared */,
				29B97315FDCFA39411CA2CEA /* Other Sources */,
				29B97323FDCFA39411CA2CEA /* Frameworks */,
				19C28FACFE9D520D11CA2CBB /* Products */,
			);
			name = CustomTemplate;
			sourceTree = "<group>";
		};
		29B97315FDCFA39411CA2CEA /* Other Sources */ = {
			isa = PBXGroup;
			children = (
				1029B82912ECFAB7007A640B /* main.m */,
				1029B80A12ECFA1A007A640B /* Info.plist */,
				1029B81012ECFA40007A640B /* VeloParis_Prefix.pch */,
			);
			name = "Other Sources";
			sourceTree = "<group>";
		};
		29B97323FDCFA39411CA2CEA /* Frameworks */ = {
			isa = PBXGroup;
			children = (
				1029E849121B1FBD00EB15A1 /* MapKit.framework */,
				1DF5F4DF0D08C38300B7A737 /* UIKit.framework */,
				1D30AB110D05D00D00671497 /* Foundation.framework */,
				288765FC0DF74451002DB57D /* CoreGraphics.framework */,
				1029E862121B1FCE00EB15A1 /* CoreLocation.framework */,
			);
			name = Frameworks;
			sourceTree = "<group>";
		};
/* End PBXGroup section */

/* Begin PBXNativeTarget section */
		1D6058900D05DD3D006BFB54 /* VeloParis */ = {
			isa = PBXNativeTarget;
			buildConfigurationList = 1D6058960D05DD3E006BFB54 /* Build configuration list for PBXNativeTarget "VeloParis" */;
			buildPhases = (
				1D60588D0D05DD3D006BFB54 /* Resources */,
				1D60588E0D05DD3D006BFB54 /* Sources */,
				1D60588F0D05DD3D006BFB54 /* Frameworks */,
			);
			buildRules = (
			);
			dependencies = (
			);
			name = VeloParis;
			productName = VeloParis;
			productReference = 1D6058910D05DD3D006BFB54 /* VeloParis.app */;
			productType = "com.apple.product-type.application";
		};
/* End PBXNativeTarget section */

/* Begin PBXProject section */
		29B97313FDCFA39411CA2CEA /* Project object */ = {
			isa = PBXProject;
			buildConfigurationList = C01FCF4E08A954540054247B /* Build configuration list for PBXProject "VeloParis" */;
			compatibilityVersion = "Xcode 3.1";
			developmentRegion = English;
			hasScannedForEncodings = 1;
			knownRegions = (
				English,
				Japanese,
				French,
				German,
				zh_HK,
				zh_CN,
			);
			mainGroup = 29B97314FDCFA39411CA2CEA /* CustomTemplate */;
			projectDirPath = "";
			projectRoot = "";
			targets = (
				1D6058900D05DD3D006BFB54 /* VeloParis */,
			);
		};
/* End PBXProject section */

/* Begin PBXResourcesBuildPhase section */
		1D60588D0D05DD3D006BFB54 /* Resources */ = {
			isa = PBXResourcesBuildPhase;
			buildActionMask = 2147483647;
			files = (
				2860E32F111B888700E27156 /* MainWindow_iPad.xib in Resources */,
				1029E83C121B1F2700EB15A1 /* MainWindow_iPhone.xib in Resources */,
				1029B7C612ECF98B007A640B /* BackGround.png in Resources */,
				1029B7C712ECF98B007A640B /* BackGround@2x.png in Resources */,
				1029B7C812ECF98B007A640B /* Default.png in Resources */,
				1029B7C912ECF98B007A640B /* Default@2x.png in Resources */,
				1029B7CA12ECF98B007A640B /* FavoriteOff.png in Resources */,
				1029B7CB12ECF98B007A640B /* FavoriteOff@2x.png in Resources */,
				1029B7CC12ECF98B007A640B /* FavoriteOn.png in Resources */,
				1029B7CD12ECF98B007A640B /* FavoriteOn@2x.png in Resources */,
				1029B7CE12ECF98B007A640B /* ICON.png in Resources */,
				1029B7CF12ECF98B007A640B /* ICON_114.png in Resources */,
				1029B7D012ECF98B007A640B /* ICON_72.png in Resources */,
				1029B7D112ECF98B007A640B /* ICON_SMALL.png in Resources */,
				1029B7D212ECF98B007A640B /* ICON_SMALL@2x.png in Resources */,
				1029B7D312ECF98B007A640B /* IconFavorite.png in Resources */,
				1029B7D412ECF98B007A640B /* IconFavorite@2x.png in Resources */,
				1029B7D512ECF98B007A640B /* IconList.png in Resources */,
				1029B7D612ECF98B007A640B /* IconList@2x.png in Resources */,
				1029B7D712ECF98B007A640B /* IconLocation.png in Resources */,
				1029B7D812ECF98B007A640B /* IconLocation@2x.png in Resources */,
				1029B7D912ECF98B007A640B /* IconZoomIn.png in Resources */,
				1029B7DA12ECF98B007A640B /* IconZoomIn@2x.png in Resources */,
				1029B7DB12ECF98B007A640B /* IconZoomOut.png in Resources */,
				1029B7DC12ECF98B007A640B /* IconZoomOut@2x.png in Resources */,
				1029B7DD12ECF98B007A640B /* pinGreen.png in Resources */,
				1029B7DE12ECF98B007A640B /* pinGreen@2x.png in Resources */,
				1029B7DF12ECF98B007A640B /* pinOrange.png in Resources */,
				1029B7E012ECF98B007A640B /* pinOrange@2x.png in Resources */,
				1029B7E112ECF98B007A640B /* pinPurple.png in Resources */,
				1029B7E212ECF98B007A640B /* pinPurple@2x.png in Resources */,
				1029B7E312ECF98B007A640B /* pinRed.png in Resources */,
				1029B7E412ECF98B007A640B /* pinRed@2x.png in Resources */,
				1029B7E512ECF98B007A640B /* pinYellow.png in Resources */,
				1029B7E612ECF98B007A640B /* pinYellow@2x.png in Resources */,
				1029B7E712ECF98B007A640B /* pinYellowGreen.png in Resources */,
				1029B7E812ECF98B007A640B /* pinYellowGreen@2x.png in Resources */,
				1029B7E912ECF98B007A640B /* UserHeading.png in Resources */,
				1029B7EA12ECF98B007A640B /* UserHeading@2x.png in Resources */,
			);
			runOnlyForDeploymentPostprocessing = 0;
		};
/* End PBXResourcesBuildPhase section */

/* Begin PBXSourcesBuildPhase section */
		1D60588E0D05DD3D006BFB54 /* Sources */ = {
			isa = PBXSourcesBuildPhase;
			buildActionMask = 2147483647;
			files = (
				2860E328111B887F00E27156 /* AppDelegate_iPhone.m in Sources */,
				2860E32E111B888700E27156 /* AppDelegate_iPad.m in Sources */,
				1029B7FD12ECF9C5007A640B /* ConnectionDelegate.m in Sources */,
				1029B7FE12ECF9C5007A640B /* CustomizedTableCell.m in Sources */,
				1029B80012ECF9C5007A640B /* ParseStation.m in Sources */,
				1029B80112ECF9C5007A640B /* ParseStations.m in Sources */,
				1029B80212ECF9C5007A640B /* PinAnnotationView.m in Sources */,
				1029B80312ECF9C5007A640B /* StationAnnotation.m in Sources */,
				1029B82A12ECFAB7007A640B /* main.m in Sources */,
			);
			runOnlyForDeploymentPostprocessing = 0;
		};
/* End PBXSourcesBuildPhase section */

/* Begin PBXVariantGroup section */
		1029E83A121B1F2700EB15A1 /* MainWindow_iPhone.xib */ = {
			isa = PBXVariantGroup;
			children = (
				1029E83B121B1F2700EB15A1 /* English */,
				1029E840121B1F4E00EB15A1 /* zh_HK */,
				1029E841121B1F5200EB15A1 /* zh_CN */,
				1029E842121B1F5800EB15A1 /* Japanese */,
				1029E843121B1F6200EB15A1 /* German */,
				1029E844121B1F6700EB15A1 /* French */,
			);
			name = MainWindow_iPhone.xib;
			path = iPhone;
			sourceTree = SOURCE_ROOT;
		};
/* End PBXVariantGroup section */

/* Begin XCBuildConfiguration section */
		105CDC3E121DCEAB00927D13 /* Distribution */ = {
			isa = XCBuildConfiguration;
			buildSettings = {
				ARCHS = "$(ARCHS_STANDARD_32_BIT)";
				"CODE_SIGN_IDENTITY[sdk=iphoneos*]" = "iPhone Distribution: Mengke WANG";
				GCC_C_LANGUAGE_STANDARD = c99;
				GCC_WARN_ABOUT_RETURN_TYPE = YES;
				GCC_WARN_UNUSED_VARIABLE = YES;
				IPHONEOS_DEPLOYMENT_TARGET = 3.0;
				OTHER_CFLAGS = "-DNS_BLOCK_ASSERTIONS=1";
				PREBINDING = NO;
				"PROVISIONING_PROFILE[sdk=iphoneos*]" = "89F04576-A1E0-4988-8740-2F47648DA8DA";
				SDKROOT = iphoneos;
				SYMROOT = ../build;
				TARGETED_DEVICE_FAMILY = 1;
			};
			name = Distribution;
		};
		105CDC3F121DCEAB00927D13 /* Distribution */ = {
			isa = XCBuildConfiguration;
			buildSettings = {
				ALWAYS_SEARCH_USER_PATHS = NO;
				COPY_PHASE_STRIP = YES;
				GCC_PRECOMPILE_PREFIX_HEADER = YES;
				GCC_PREFIX_HEADER = VeloParis_Prefix.pch;
				INFOPLIST_FILE = Info.plist;
				PRODUCT_NAME = VeloParis;
				TARGETED_DEVICE_FAMILY = "1,2";
				VALIDATE_PRODUCT = YES;
			};
			name = Distribution;
		};
		1D6058940D05DD3E006BFB54 /* Debug */ = {
			isa = XCBuildConfiguration;
			buildSettings = {
				ALWAYS_SEARCH_USER_PATHS = NO;
				COPY_PHASE_STRIP = NO;
				GCC_DYNAMIC_NO_PIC = NO;
				GCC_OPTIMIZATION_LEVEL = 0;
				GCC_PRECOMPILE_PREFIX_HEADER = YES;
				GCC_PREFIX_HEADER = VeloParis_Prefix.pch;
				INFOPLIST_FILE = Info.plist;
				PRODUCT_NAME = VeloParis;
				TARGETED_DEVICE_FAMILY = "1,2";
			};
			name = Debug;
		};
		1D6058950D05DD3E006BFB54 /* Release */ = {
			isa = XCBuildConfiguration;
			buildSettings = {
				ALWAYS_SEARCH_USER_PATHS = NO;
				COPY_PHASE_STRIP = YES;
				GCC_PRECOMPILE_PREFIX_HEADER = YES;
				GCC_PREFIX_HEADER = VeloParis_Prefix.pch;
				INFOPLIST_FILE = Info.plist;
				PRODUCT_NAME = VeloParis;
				TARGETED_DEVICE_FAMILY = "1,2";
				VALIDATE_PRODUCT = YES;
			};
			name = Release;
		};
		C01FCF4F08A954540054247B /* Debug */ = {
			isa = XCBuildConfiguration;
			buildSettings = {
				ARCHS = "$(ARCHS_STANDARD_32_BIT)";
				"CODE_SIGN_IDENTITY[sdk=iphoneos*]" = "iPhone Developer: Mengke WANG (HPHWG82ABX)";
				GCC_C_LANGUAGE_STANDARD = c99;
				GCC_WARN_ABOUT_RETURN_TYPE = YES;
				GCC_WARN_UNUSED_VARIABLE = YES;
				IPHONEOS_DEPLOYMENT_TARGET = 3.0;
				PREBINDING = NO;
				"PROVISIONING_PROFILE[sdk=iphoneos*]" = "BA644FF9-D194-4B89-958B-B0F2F6914401";
				SDKROOT = iphoneos;
				SYMROOT = ../build;
				TARGETED_DEVICE_FAMILY = 1;
			};
			name = Debug;
		};
		C01FCF5008A954540054247B /* Release */ = {
			isa = XCBuildConfiguration;
			buildSettings = {
				ARCHS = "$(ARCHS_STANDARD_32_BIT)";
				"CODE_SIGN_IDENTITY[sdk=iphoneos*]" = "iPhone Developer: Mengke WANG (HPHWG82ABX)";
				GCC_C_LANGUAGE_STANDARD = c99;
				GCC_WARN_ABOUT_RETURN_TYPE = YES;
				GCC_WARN_UNUSED_VARIABLE = YES;
				IPHONEOS_DEPLOYMENT_TARGET = 3.0;
				OTHER_CFLAGS = "-DNS_BLOCK_ASSERTIONS=1";
				PREBINDING = NO;
				"PROVISIONING_PROFILE[sdk=iphoneos*]" = "BA644FF9-D194-4B89-958B-B0F2F6914401";
				SDKROOT = iphoneos;
				SYMROOT = ../build;
				TARGETED_DEVICE_FAMILY = 1;
			};
			name = Release;
		};
/* End XCBuildConfiguration section */

/* Begin XCConfigurationList section */
		1D6058960D05DD3E006BFB54 /* Build configuration list for PBXNativeTarget "VeloParis" */ = {
			isa = XCConfigurationList;
			buildConfigurations = (
				1D6058940D05DD3E006BFB54 /* Debug */,
				1D6058950D05DD3E006BFB54 /* Release */,
				105CDC3F121DCEAB00927D13 /* Distribution */,
			);
			defaultConfigurationIsVisible = 0;
			defaultConfigurationName = Release;
		};
		C01FCF4E08A954540054247B /* Build configuration list for PBXProject "VeloParis" */ = {
			isa = XCConfigurationList;
			buildConfigurations = (
				C01FCF4F08A954540054247B /* Debug */,
				C01FCF5008A954540054247B /* Release */,
				105CDC3E121DCEAB00927D13 /* Distribution */,
			);
			defaultConfigurationIsVisible = 0;
			defaultConfigurationName = Release;
		};
/* End XCConfigurationList section */
	};
	rootObject = 29B97313FDCFA39411CA2CEA /* Project object */;
}
